
Microsoft Visual Studio Solution File, Format Version 12.00
# Visual Studio Version 17
VisualStudioVersion = 17.11.35327.3
MinimumVisualStudioVersion = 10.0.40219.1
Project("{FAE04EC0-301F-11D3-BF4B-00C04F79EFBC}") = "ESTRUCTURAS REPETITIVAS 9", "ESTRUCTURAS REPETITIVAS 9.csproj", "{DEAC27C8-2E11-491D-A27A-6586D2F37AB1}"
EndProject
Global
	GlobalSection(SolutionConfigurationPlatforms) = preSolution
		Debug|Any CPU = Debug|Any CPU
		Release|Any CPU = Release|Any CPU
	EndGlobalSection
	GlobalSection(ProjectConfigurationPlatforms) = postSolution
		{DEAC27C8-2E11-491D-A27A-6586D2F37AB1}.Debug|Any CPU.ActiveCfg = Debug|Any CPU
		{DEAC27C8-2E11-491D-A27A-6586D2F37AB1}.Debug|Any CPU.Build.0 = Debug|Any CPU
		{DEAC27C8-2E11-491D-A27A-6586D2F37AB1}.Release|Any CPU.ActiveCfg = Release|Any CPU
		{DEAC27C8-2E11-491D-A27A-6586D2F37AB1}.Release|Any CPU.Build.0 = Release|Any CPU
	EndGlobalSection
	GlobalSection(SolutionProperties) = preSolution
		HideSolutionNode = FALSE
	EndGlobalSection
	GlobalSection(ExtensibilityGlobals) = postSolution
		SolutionGuid = {674DF08D-68DD-4B90-8DD2-90A5555DF4F2}
	EndGlobalSection
EndGlobal
