
Microsoft Visual Studio Solution File, Format Version 12.00
# Visual Studio Version 17
VisualStudioVersion = 17.11.35327.3
MinimumVisualStudioVersion = 10.0.40219.1
Project("{FAE04EC0-301F-11D3-BF4B-00C04F79EFBC}") = "ESTRUCTURAS REPETITIVAS 6", "ESTRUCTURAS REPETITIVAS 6.csproj", "{A1450B0F-01D4-4705-B499-9CDB125A2781}"
EndProject
Global
	GlobalSection(SolutionConfigurationPlatforms) = preSolution
		Debug|Any CPU = Debug|Any CPU
		Release|Any CPU = Release|Any CPU
	EndGlobalSection
	GlobalSection(ProjectConfigurationPlatforms) = postSolution
		{A1450B0F-01D4-4705-B499-9CDB125A2781}.Debug|Any CPU.ActiveCfg = Debug|Any CPU
		{A1450B0F-01D4-4705-B499-9CDB125A2781}.Debug|Any CPU.Build.0 = Debug|Any CPU
		{A1450B0F-01D4-4705-B499-9CDB125A2781}.Release|Any CPU.ActiveCfg = Release|Any CPU
		{A1450B0F-01D4-4705-B499-9CDB125A2781}.Release|Any CPU.Build.0 = Release|Any CPU
	EndGlobalSection
	GlobalSection(SolutionProperties) = preSolution
		HideSolutionNode = FALSE
	EndGlobalSection
	GlobalSection(ExtensibilityGlobals) = postSolution
		SolutionGuid = {58B9E1C2-EE8C-4F99-8EDC-D66C47240751}
	EndGlobalSection
EndGlobal
