
Microsoft Visual Studio Solution File, Format Version 12.00
# Visual Studio Version 17
VisualStudioVersion = 17.11.35327.3
MinimumVisualStudioVersion = 10.0.40219.1
Project("{FAE04EC0-301F-11D3-BF4B-00C04F79EFBC}") = "ESTRUCTURAS REPETITIVAS 1", "ESTRUCTURAS REPETITIVAS 1.csproj", "{E9EB9BA3-E1D9-43F5-92FD-5EFE2683660F}"
EndProject
Global
	GlobalSection(SolutionConfigurationPlatforms) = preSolution
		Debug|Any CPU = Debug|Any CPU
		Release|Any CPU = Release|Any CPU
	EndGlobalSection
	GlobalSection(ProjectConfigurationPlatforms) = postSolution
		{E9EB9BA3-E1D9-43F5-92FD-5EFE2683660F}.Debug|Any CPU.ActiveCfg = Debug|Any CPU
		{E9EB9BA3-E1D9-43F5-92FD-5EFE2683660F}.Debug|Any CPU.Build.0 = Debug|Any CPU
		{E9EB9BA3-E1D9-43F5-92FD-5EFE2683660F}.Release|Any CPU.ActiveCfg = Release|Any CPU
		{E9EB9BA3-E1D9-43F5-92FD-5EFE2683660F}.Release|Any CPU.Build.0 = Release|Any CPU
	EndGlobalSection
	GlobalSection(SolutionProperties) = preSolution
		HideSolutionNode = FALSE
	EndGlobalSection
	GlobalSection(ExtensibilityGlobals) = postSolution
		SolutionGuid = {95F24693-9131-47F2-A0A3-26D80322D9C2}
	EndGlobalSection
EndGlobal
