
Microsoft Visual Studio Solution File, Format Version 12.00
# Visual Studio Version 17
VisualStudioVersion = 17.11.35327.3
MinimumVisualStudioVersion = 10.0.40219.1
Project("{FAE04EC0-301F-11D3-BF4B-00C04F79EFBC}") = "ESTRUCTURAS SELECTIVAS 15", "ESTRUCTURAS SELECTIVAS 15.csproj", "{E0E506FA-F11A-4950-B07E-3E619B2A2B99}"
EndProject
Global
	GlobalSection(SolutionConfigurationPlatforms) = preSolution
		Debug|Any CPU = Debug|Any CPU
		Release|Any CPU = Release|Any CPU
	EndGlobalSection
	GlobalSection(ProjectConfigurationPlatforms) = postSolution
		{E0E506FA-F11A-4950-B07E-3E619B2A2B99}.Debug|Any CPU.ActiveCfg = Debug|Any CPU
		{E0E506FA-F11A-4950-B07E-3E619B2A2B99}.Debug|Any CPU.Build.0 = Debug|Any CPU
		{E0E506FA-F11A-4950-B07E-3E619B2A2B99}.Release|Any CPU.ActiveCfg = Release|Any CPU
		{E0E506FA-F11A-4950-B07E-3E619B2A2B99}.Release|Any CPU.Build.0 = Release|Any CPU
	EndGlobalSection
	GlobalSection(SolutionProperties) = preSolution
		HideSolutionNode = FALSE
	EndGlobalSection
	GlobalSection(ExtensibilityGlobals) = postSolution
		SolutionGuid = {54423BC4-0383-4DBC-9C40-8DCA5CFB286B}
	EndGlobalSection
EndGlobal
