
Microsoft Visual Studio Solution File, Format Version 12.00
# Visual Studio Version 17
VisualStudioVersion = 17.11.35327.3
MinimumVisualStudioVersion = 10.0.40219.1
Project("{FAE04EC0-301F-11D3-BF4B-00C04F79EFBC}") = "ESTRUCTURAS REPETITIVAS 7", "ESTRUCTURAS REPETITIVAS 7.csproj", "{A7D3397C-308C-469C-A7FE-0E5172411417}"
EndProject
Global
	GlobalSection(SolutionConfigurationPlatforms) = preSolution
		Debug|Any CPU = Debug|Any CPU
		Release|Any CPU = Release|Any CPU
	EndGlobalSection
	GlobalSection(ProjectConfigurationPlatforms) = postSolution
		{A7D3397C-308C-469C-A7FE-0E5172411417}.Debug|Any CPU.ActiveCfg = Debug|Any CPU
		{A7D3397C-308C-469C-A7FE-0E5172411417}.Debug|Any CPU.Build.0 = Debug|Any CPU
		{A7D3397C-308C-469C-A7FE-0E5172411417}.Release|Any CPU.ActiveCfg = Release|Any CPU
		{A7D3397C-308C-469C-A7FE-0E5172411417}.Release|Any CPU.Build.0 = Release|Any CPU
	EndGlobalSection
	GlobalSection(SolutionProperties) = preSolution
		HideSolutionNode = FALSE
	EndGlobalSection
	GlobalSection(ExtensibilityGlobals) = postSolution
		SolutionGuid = {636D511C-8659-4C9C-9003-137E7CC73DD2}
	EndGlobalSection
EndGlobal
