
Microsoft Visual Studio Solution File, Format Version 12.00
# Visual Studio Version 17
VisualStudioVersion = 17.11.35327.3
MinimumVisualStudioVersion = 10.0.40219.1
Project("{FAE04EC0-301F-11D3-BF4B-00C04F79EFBC}") = "ESTRUCTURAS SELECTIVAS 18", "ESTRUCTURAS SELECTIVAS 18.csproj", "{A9F4B308-12B4-4947-A179-746B64A8F898}"
EndProject
Global
	GlobalSection(SolutionConfigurationPlatforms) = preSolution
		Debug|Any CPU = Debug|Any CPU
		Release|Any CPU = Release|Any CPU
	EndGlobalSection
	GlobalSection(ProjectConfigurationPlatforms) = postSolution
		{A9F4B308-12B4-4947-A179-746B64A8F898}.Debug|Any CPU.ActiveCfg = Debug|Any CPU
		{A9F4B308-12B4-4947-A179-746B64A8F898}.Debug|Any CPU.Build.0 = Debug|Any CPU
		{A9F4B308-12B4-4947-A179-746B64A8F898}.Release|Any CPU.ActiveCfg = Release|Any CPU
		{A9F4B308-12B4-4947-A179-746B64A8F898}.Release|Any CPU.Build.0 = Release|Any CPU
	EndGlobalSection
	GlobalSection(SolutionProperties) = preSolution
		HideSolutionNode = FALSE
	EndGlobalSection
	GlobalSection(ExtensibilityGlobals) = postSolution
		SolutionGuid = {C8FCD9F2-6C73-4711-A483-C4D1A379252A}
	EndGlobalSection
EndGlobal
