
Microsoft Visual Studio Solution File, Format Version 12.00
# Visual Studio Version 17
VisualStudioVersion = 17.11.35327.3
MinimumVisualStudioVersion = 10.0.40219.1
Project("{FAE04EC0-301F-11D3-BF4B-00C04F79EFBC}") = "ESTRUCTURAS REPETITIVAS 10", "ESTRUCTURAS REPETITIVAS 10.csproj", "{13A80D72-D018-4C10-A2D9-26557F63979C}"
EndProject
Global
	GlobalSection(SolutionConfigurationPlatforms) = preSolution
		Debug|Any CPU = Debug|Any CPU
		Release|Any CPU = Release|Any CPU
	EndGlobalSection
	GlobalSection(ProjectConfigurationPlatforms) = postSolution
		{13A80D72-D018-4C10-A2D9-26557F63979C}.Debug|Any CPU.ActiveCfg = Debug|Any CPU
		{13A80D72-D018-4C10-A2D9-26557F63979C}.Debug|Any CPU.Build.0 = Debug|Any CPU
		{13A80D72-D018-4C10-A2D9-26557F63979C}.Release|Any CPU.ActiveCfg = Release|Any CPU
		{13A80D72-D018-4C10-A2D9-26557F63979C}.Release|Any CPU.Build.0 = Release|Any CPU
	EndGlobalSection
	GlobalSection(SolutionProperties) = preSolution
		HideSolutionNode = FALSE
	EndGlobalSection
	GlobalSection(ExtensibilityGlobals) = postSolution
		SolutionGuid = {4BAB8990-8200-4406-9093-2F0C10F76C19}
	EndGlobalSection
EndGlobal
